// !$*UTF8*$!
{
	archiveVersion = 1;
	classes = {
	};
	objectVersion = 55;
	objects = {

/* Begin PBXBuildFile section */
		62004D31297FE7860038FAD1 /* TamagotchiAppApp.swift in Sources */ = {isa = PBXBuildFile; fileRef = 62004D30297FE7860038FAD1 /* TamagotchiAppApp.swift */; };
		62004D33297FE7860038FAD1 /* ContentView.swift in Sources */ = {isa = PBXBuildFile; fileRef = 62004D32297FE7860038FAD1 /* ContentView.swift */; };
		62004D35297FE7870038FAD1 /* Assets.xcassets in Resources */ = {isa = PBXBuildFile; fileRef = 62004D34297FE7870038FAD1 /* Assets.xcassets */; };
		62004D38297FE7870038FAD1 /* Preview Assets.xcassets in Resources */ = {isa = PBXBuildFile; fileRef = 62004D37297FE7870038FAD1 /* Preview Assets.xcassets */; };
		62004D42297FE7880038FAD1 /* TamagotchiAppTests.swift in Sources */ = {isa = PBXBuildFile; fileRef = 62004D41297FE7880038FAD1 /* TamagotchiAppTests.swift */; };
		62004D4C297FE7880038FAD1 /* TamagotchiAppUITests.swift in Sources */ = {isa = PBXBuildFile; fileRef = 62004D4B297FE7880038FAD1 /* TamagotchiAppUITests.swift */; };
		62004D4E297FE7880038FAD1 /* TamagotchiAppUITestsLaunchTests.swift in Sources */ = {isa = PBXBuildFile; fileRef = 62004D4D297FE7880038FAD1 /* TamagotchiAppUITestsLaunchTests.swift */; };
/* End PBXBuildFile section */

/* Begin PBXContainerItemProxy section */
		62004D3E297FE7880038FAD1 /* PBXContainerItemProxy */ = {
			isa = PBXContainerItemProxy;
			containerPortal = 62004D25297FE7860038FAD1 /* Project object */;
			proxyType = 1;
			remoteGlobalIDString = 62004D2C297FE7860038FAD1;
			remoteInfo = TamagotchiApp;
		};
		62004D48297FE7880038FAD1 /* PBXContainerItemProxy */ = {
			isa = PBXContainerItemProxy;
			containerPortal = 62004D25297FE7860038FAD1 /* Project object */;
			proxyType = 1;
			remoteGlobalIDString = 62004D2C297FE7860038FAD1;
			remoteInfo = TamagotchiApp;
		};
/* End PBXContainerItemProxy section */

/* Begin PBXFileReference section */
		62004D2D297FE7860038FAD1 /* TamagotchiApp.app */ = {isa = PBXFileReference; explicitFileType = wrapper.application; includeInIndex = 0; path = TamagotchiApp.app; sourceTree = BUILT_PRODUCTS_DIR; };
		62004D30297FE7860038FAD1 /* TamagotchiAppApp.swift */ = {isa = PBXFileReference; lastKnownFileType = sourcecode.swift; path = TamagotchiAppApp.swift; sourceTree = "<group>"; };
		62004D32297FE7860038FAD1 /* ContentView.swift */ = {isa = PBXFileReference; lastKnownFileType = sourcecode.swift; path = ContentView.swift; sourceTree = "<group>"; };
		62004D34297FE7870038FAD1 /* Assets.xcassets */ = {isa = PBXFileReference; lastKnownFileType = folder.assetcatalog; path = Assets.xcassets; sourceTree = "<group>"; };
		62004D37297FE7870038FAD1 /* Preview Assets.xcassets */ = {isa = PBXFileReference; lastKnownFileType = folder.assetcatalog; path = "Preview Assets.xcassets"; sourceTree = "<group>"; };
		62004D3D297FE7880038FAD1 /* TamagotchiAppTests.xctest */ = {isa = PBXFileReference; explicitFileType = wrapper.cfbundle; includeInIndex = 0; path = TamagotchiAppTests.xctest; sourceTree = BUILT_PRODUCTS_DIR; };
		62004D41297FE7880038FAD1 /* TamagotchiAppTests.swift */ = {isa = PBXFileReference; lastKnownFileType = sourcecode.swift; path = TamagotchiAppTests.swift; sourceTree = "<group>"; };
		62004D47297FE7880038FAD1 /* TamagotchiAppUITests.xctest */ = {isa = PBXFileReference; explicitFileType = wrapper.cfbundle; includeInIndex = 0; path = TamagotchiAppUITests.xctest; sourceTree = BUILT_PRODUCTS_DIR; };
		62004D4B297FE7880038FAD1 /* TamagotchiAppUITests.swift */ = {isa = PBXFileReference; lastKnownFileType = sourcecode.swift; path = TamagotchiAppUITests.swift; sourceTree = "<group>"; };
		62004D4D297FE7880038FAD1 /* TamagotchiAppUITestsLaunchTests.swift */ = {isa = PBXFileReference; lastKnownFileType = sourcecode.swift; path = TamagotchiAppUITestsLaunchTests.swift; sourceTree = "<group>"; };
/* End PBXFileReference section */

/* Begin PBXFrameworksBuildPhase section */
		62004D2A297FE7860038FAD1 /* Frameworks */ = {
			isa = PBXFrameworksBuildPhase;
			buildActionMask = 2147483647;
			files = (
			);
			runOnlyForDeploymentPostprocessing = 0;
		};
		62004D3A297FE7880038FAD1 /* Frameworks */ = {
			isa = PBXFrameworksBuildPhase;
			buildActionMask = 2147483647;
			files = (
			);
			runOnlyForDeploymentPostprocessing = 0;
		};
		62004D44297FE7880038FAD1 /* Frameworks */ = {
			isa = PBXFrameworksBuildPhase;
			buildActionMask = 2147483647;
			files = (
			);
			runOnlyForDeploymentPostprocessing = 0;
		};
/* End PBXFrameworksBuildPhase section */

/* Begin PBXGroup section */
		62004D24297FE7860038FAD1 = {
			isa = PBXGroup;
			children = (
				62004D2F297FE7860038FAD1 /* TamagotchiApp */,
				62004D40297FE7880038FAD1 /* TamagotchiAppTests */,
				62004D4A297FE7880038FAD1 /* TamagotchiAppUITests */,
				62004D2E297FE7860038FAD1 /* Products */,
			);
			sourceTree = "<group>";
		};
		62004D2E297FE7860038FAD1 /* Products */ = {
			isa = PBXGroup;
			children = (
				62004D2D297FE7860038FAD1 /* TamagotchiApp.app */,
				62004D3D297FE7880038FAD1 /* TamagotchiAppTests.xctest */,
				62004D47297FE7880038FAD1 /* TamagotchiAppUITests.xctest */,
			);
			name = Products;
			sourceTree = "<group>";
		};
		62004D2F297FE7860038FAD1 /* TamagotchiApp */ = {
			isa = PBXGroup;
			children = (
				62004D30297FE7860038FAD1 /* TamagotchiAppApp.swift */,
				62004D32297FE7860038FAD1 /* ContentView.swift */,
				62004D34297FE7870038FAD1 /* Assets.xcassets */,
				62004D36297FE7870038FAD1 /* Preview Content */,
			);
			path = TamagotchiApp;
			sourceTree = "<group>";
		};
		62004D36297FE7870038FAD1 /* Preview Content */ = {
			isa = PBXGroup;
			children = (
				62004D37297FE7870038FAD1 /* Preview Assets.xcassets */,
			);
			path = "Preview Content";
			sourceTree = "<group>";
		};
		62004D40297FE7880038FAD1 /* TamagotchiAppTests */ = {
			isa = PBXGroup;
			children = (
				62004D41297FE7880038FAD1 /* TamagotchiAppTests.swift */,
			);
			path = TamagotchiAppTests;
			sourceTree = "<group>";
		};
		62004D4A297FE7880038FAD1 /* TamagotchiAppUITests */ = {
			isa = PBXGroup;
			children = (
				62004D4B297FE7880038FAD1 /* TamagotchiAppUITests.swift */,
				62004D4D297FE7880038FAD1 /* TamagotchiAppUITestsLaunchTests.swift */,
			);
			path = TamagotchiAppUITests;
			sourceTree = "<group>";
		};
/* End PBXGroup section */

/* Begin PBXNativeTarget section */
		62004D2C297FE7860038FAD1 /* TamagotchiApp */ = {
			isa = PBXNativeTarget;
			buildConfigurationList = 62004D51297FE7880038FAD1 /* Build configuration list for PBXNativeTarget "TamagotchiApp" */;
			buildPhases = (
				62004D29297FE7860038FAD1 /* Sources */,
				62004D2A297FE7860038FAD1 /* Frameworks */,
				62004D2B297FE7860038FAD1 /* Resources */,
			);
			buildRules = (
			);
			dependencies = (
			);
			name = TamagotchiApp;
			productName = TamagotchiApp;
			productReference = 62004D2D297FE7860038FAD1 /* TamagotchiApp.app */;
			productType = "com.apple.product-type.application";
		};
		62004D3C297FE7880038FAD1 /* TamagotchiAppTests */ = {
			isa = PBXNativeTarget;
			buildConfigurationList = 62004D54297FE7880038FAD1 /* Build configuration list for PBXNativeTarget "TamagotchiAppTests" */;
			buildPhases = (
				62004D39297FE7880038FAD1 /* Sources */,
				62004D3A297FE7880038FAD1 /* Frameworks */,
				62004D3B297FE7880038FAD1 /* Resources */,
			);
			buildRules = (
			);
			dependencies = (
				62004D3F297FE7880038FAD1 /* PBXTargetDependency */,
			);
			name = TamagotchiAppTests;
			productName = TamagotchiAppTests;
			productReference = 62004D3D297FE7880038FAD1 /* TamagotchiAppTests.xctest */;
			productType = "com.apple.product-type.bundle.unit-test";
		};
		62004D46297FE7880038FAD1 /* TamagotchiAppUITests */ = {
			isa = PBXNativeTarget;
			buildConfigurationList = 62004D57297FE7880038FAD1 /* Build configuration list for PBXNativeTarget "TamagotchiAppUITests" */;
			buildPhases = (
				62004D43297FE7880038FAD1 /* Sources */,
				62004D44297FE7880038FAD1 /* Frameworks */,
				62004D45297FE7880038FAD1 /* Resources */,
			);
			buildRules = (
			);
			dependencies = (
				62004D49297FE7880038FAD1 /* PBXTargetDependency */,
			);
			name = TamagotchiAppUITests;
			productName = TamagotchiAppUITests;
			productReference = 62004D47297FE7880038FAD1 /* TamagotchiAppUITests.xctest */;
			productType = "com.apple.product-type.bundle.ui-testing";
		};
/* End PBXNativeTarget section */

/* Begin PBXProject section */
		62004D25297FE7860038FAD1 /* Project object */ = {
			isa = PBXProject;
			attributes = {
				BuildIndependentTargetsInParallel = 1;
				LastSwiftUpdateCheck = 1320;
				LastUpgradeCheck = 1320;
				TargetAttributes = {
					62004D2C297FE7860038FAD1 = {
						CreatedOnToolsVersion = 13.2.1;
					};
					62004D3C297FE7880038FAD1 = {
						CreatedOnToolsVersion = 13.2.1;
						TestTargetID = 62004D2C297FE7860038FAD1;
					};
					62004D46297FE7880038FAD1 = {
						CreatedOnToolsVersion = 13.2.1;
						TestTargetID = 62004D2C297FE7860038FAD1;
					};
				};
			};
			buildConfigurationList = 62004D28297FE7860038FAD1 /* Build configuration list for PBXProject "TamagotchiApp" */;
			compatibilityVersion = "Xcode 13.0";
			developmentRegion = en;
			hasScannedForEncodings = 0;
			knownRegions = (
				en,
				Base,
			);
			mainGroup = 62004D24297FE7860038FAD1;
			productRefGroup = 62004D2E297FE7860038FAD1 /* Products */;
			projectDirPath = "";
			projectRoot = "";
			targets = (
				62004D2C297FE7860038FAD1 /* TamagotchiApp */,
				62004D3C297FE7880038FAD1 /* TamagotchiAppTests */,
				62004D46297FE7880038FAD1 /* TamagotchiAppUITests */,
			);
		};
/* End PBXProject section */

/* Begin PBXResourcesBuildPhase section */
		62004D2B297FE7860038FAD1 /* Resources */ = {
			isa = PBXResourcesBuildPhase;
			buildActionMask = 2147483647;
			files = (
				62004D38297FE7870038FAD1 /* Preview Assets.xcassets in Resources */,
				62004D35297FE7870038FAD1 /* Assets.xcassets in Resources */,
			);
			runOnlyForDeploymentPostprocessing = 0;
		};
		62004D3B297FE7880038FAD1 /* Resources */ = {
			isa = PBXResourcesBuildPhase;
			buildActionMask = 2147483647;
			files = (
			);
			runOnlyForDeploymentPostprocessing = 0;
		};
		62004D45297FE7880038FAD1 /* Resources */ = {
			isa = PBXResourcesBuildPhase;
			buildActionMask = 2147483647;
			files = (
			);
			runOnlyForDeploymentPostprocessing = 0;
		};
/* End PBXResourcesBuildPhase section */

/* Begin PBXSourcesBuildPhase section */
		62004D29297FE7860038FAD1 /* Sources */ = {
			isa = PBXSourcesBuildPhase;
			buildActionMask = 2147483647;
			files = (
				62004D33297FE7860038FAD1 /* ContentView.swift in Sources */,
				62004D31297FE7860038FAD1 /* TamagotchiAppApp.swift in Sources */,
			);
			runOnlyForDeploymentPostprocessing = 0;
		};
		62004D39297FE7880038FAD1 /* Sources */ = {
			isa = PBXSourcesBuildPhase;
			buildActionMask = 2147483647;
			files = (
				62004D42297FE7880038FAD1 /* TamagotchiAppTests.swift in Sources */,
			);
			runOnlyForDeploymentPostprocessing = 0;
		};
		62004D43297FE7880038FAD1 /* Sources */ = {
			isa = PBXSourcesBuildPhase;
			buildActionMask = 2147483647;
			files = (
				62004D4C297FE7880038FAD1 /* TamagotchiAppUITests.swift in Sources */,
				62004D4E297FE7880038FAD1 /* TamagotchiAppUITestsLaunchTests.swift in Sources */,
			);
			runOnlyForDeploymentPostprocessing = 0;
		};
/* End PBXSourcesBuildPhase section */

/* Begin PBXTargetDependency section */
		62004D3F297FE7880038FAD1 /* PBXTargetDependency */ = {
			isa = PBXTargetDependency;
			target = 62004D2C297FE7860038FAD1 /* TamagotchiApp */;
			targetProxy = 62004D3E297FE7880038FAD1 /* PBXContainerItemProxy */;
		};
		62004D49297FE7880038FAD1 /* PBXTargetDependency */ = {
			isa = PBXTargetDependency;
			target = 62004D2C297FE7860038FAD1 /* TamagotchiApp */;
			targetProxy = 62004D48297FE7880038FAD1 /* PBXContainerItemProxy */;
		};
/* End PBXTargetDependency section */

/* Begin XCBuildConfiguration section */
		62004D4F297FE7880038FAD1 /* Debug */ = {
			isa = XCBuildConfiguration;
			buildSettings = {
				ALWAYS_SEARCH_USER_PATHS = NO;
				CLANG_ANALYZER_NONNULL = YES;
				CLANG_ANALYZER_NUMBER_OBJECT_CONVERSION = YES_AGGRESSIVE;
				CLANG_CXX_LANGUAGE_STANDARD = "gnu++17";
				CLANG_CXX_LIBRARY = "libc++";
				CLANG_ENABLE_MODULES = YES;
				CLANG_ENABLE_OBJC_ARC = YES;
				CLANG_ENABLE_OBJC_WEAK = YES;
				CLANG_WARN_BLOCK_CAPTURE_AUTORELEASING = YES;
				CLANG_WARN_BOOL_CONVERSION = YES;
				CLANG_WARN_COMMA = YES;
				CLANG_WARN_CONSTANT_CONVERSION = YES;
				CLANG_WARN_DEPRECATED_OBJC_IMPLEMENTATIONS = YES;
				CLANG_WARN_DIRECT_OBJC_ISA_USAGE = YES_ERROR;
				CLANG_WARN_DOCUMENTATION_COMMENTS = YES;
				CLANG_WARN_EMPTY_BODY = YES;
				CLANG_WARN_ENUM_CONVERSION = YES;
				CLANG_WARN_INFINITE_RECURSION = YES;
				CLANG_WARN_INT_CONVERSION = YES;
				CLANG_WARN_NON_LITERAL_NULL_CONVERSION = YES;
				CLANG_WARN_OBJC_IMPLICIT_RETAIN_SELF = YES;
				CLANG_WARN_OBJC_LITERAL_CONVERSION = YES;
				CLANG_WARN_OBJC_ROOT_CLASS = YES_ERROR;
				CLANG_WARN_QUOTED_INCLUDE_IN_FRAMEWORK_HEADER = YES;
				CLANG_WARN_RANGE_LOOP_ANALYSIS = YES;
				CLANG_WARN_STRICT_PROTOTYPES = YES;
				CLANG_WARN_SUSPICIOUS_MOVE = YES;
				CLANG_WARN_UNGUARDED_AVAILABILITY = YES_AGGRESSIVE;
				CLANG_WARN_UNREACHABLE_CODE = YES;
				CLANG_WARN__DUPLICATE_METHOD_MATCH = YES;
				COPY_PHASE_STRIP = NO;
				DEBUG_INFORMATION_FORMAT = dwarf;
				ENABLE_STRICT_OBJC_MSGSEND = YES;
				ENABLE_TESTABILITY = YES;
				GCC_C_LANGUAGE_STANDARD = gnu11;
				GCC_DYNAMIC_NO_PIC = NO;
				GCC_NO_COMMON_BLOCKS = YES;
				GCC_OPTIMIZATION_LEVEL = 0;
				GCC_PREPROCESSOR_DEFINITIONS = (
					"DEBUG=1",
					"$(inherited)",
				);
				GCC_WARN_64_TO_32_BIT_CONVERSION = YES;
				GCC_WARN_ABOUT_RETURN_TYPE = YES_ERROR;
				GCC_WARN_UNDECLARED_SELECTOR = YES;
				GCC_WARN_UNINITIALIZED_AUTOS = YES_AGGRESSIVE;
				GCC_WARN_UNUSED_FUNCTION = YES;
				GCC_WARN_UNUSED_VARIABLE = YES;
				IPHONEOS_DEPLOYMENT_TARGET = 15.2;
				MTL_ENABLE_DEBUG_INFO = INCLUDE_SOURCE;
				MTL_FAST_MATH = YES;
				ONLY_ACTIVE_ARCH = YES;
				SDKROOT = iphoneos;
				SWIFT_ACTIVE_COMPILATION_CONDITIONS = DEBUG;
				SWIFT_OPTIMIZATION_LEVEL = "-Onone";
			};
			name = Debug;
		};
		62004D50297FE7880038FAD1 /* Release */ = {
			isa = XCBuildConfiguration;
			buildSettings = {
				ALWAYS_SEARCH_USER_PATHS = NO;
				CLANG_ANALYZER_NONNULL = YES;
				CLANG_ANALYZER_NUMBER_OBJECT_CONVERSION = YES_AGGRESSIVE;
				CLANG_CXX_LANGUAGE_STANDARD = "gnu++17";
				CLANG_CXX_LIBRARY = "libc++";
				CLANG_ENABLE_MODULES = YES;
				CLANG_ENABLE_OBJC_ARC = YES;
				CLANG_ENABLE_OBJC_WEAK = YES;
				CLANG_WARN_BLOCK_CAPTURE_AUTORELEASING = YES;
				CLANG_WARN_BOOL_CONVERSION = YES;
				CLANG_WARN_COMMA = YES;
				CLANG_WARN_CONSTANT_CONVERSION = YES;
				CLANG_WARN_DEPRECATED_OBJC_IMPLEMENTATIONS = YES;
				CLANG_WARN_DIRECT_OBJC_ISA_USAGE = YES_ERROR;
				CLANG_WARN_DOCUMENTATION_COMMENTS = YES;
				CLANG_WARN_EMPTY_BODY = YES;
				CLANG_WARN_ENUM_CONVERSION = YES;
				CLANG_WARN_INFINITE_RECURSION = YES;
				CLANG_WARN_INT_CONVERSION = YES;
				CLANG_WARN_NON_LITERAL_NULL_CONVERSION = YES;
				CLANG_WARN_OBJC_IMPLICIT_RETAIN_SELF = YES;
				CLANG_WARN_OBJC_LITERAL_CONVERSION = YES;
				CLANG_WARN_OBJC_ROOT_CLASS = YES_ERROR;
				CLANG_WARN_QUOTED_INCLUDE_IN_FRAMEWORK_HEADER = YES;
				CLANG_WARN_RANGE_LOOP_ANALYSIS = YES;
				CLANG_WARN_STRICT_PROTOTYPES = YES;
				CLANG_WARN_SUSPICIOUS_MOVE = YES;
				CLANG_WARN_UNGUARDED_AVAILABILITY = YES_AGGRESSIVE;
				CLANG_WARN_UNREACHABLE_CODE = YES;
				CLANG_WARN__DUPLICATE_METHOD_MATCH = YES;
				COPY_PHASE_STRIP = NO;
				DEBUG_INFORMATION_FORMAT = "dwarf-with-dsym";
				ENABLE_NS_ASSERTIONS = NO;
				ENABLE_STRICT_OBJC_MSGSEND = YES;
				GCC_C_LANGUAGE_STANDARD = gnu11;
				GCC_NO_COMMON_BLOCKS = YES;
				GCC_WARN_64_TO_32_BIT_CONVERSION = YES;
				GCC_WARN_ABOUT_RETURN_TYPE = YES_ERROR;
				GCC_WARN_UNDECLARED_SELECTOR = YES;
				GCC_WARN_UNINITIALIZED_AUTOS = YES_AGGRESSIVE;
				GCC_WARN_UNUSED_FUNCTION = YES;
				GCC_WARN_UNUSED_VARIABLE = YES;
				IPHONEOS_DEPLOYMENT_TARGET = 15.2;
				MTL_ENABLE_DEBUG_INFO = NO;
				MTL_FAST_MATH = YES;
				SDKROOT = iphoneos;
				SWIFT_COMPILATION_MODE = wholemodule;
				SWIFT_OPTIMIZATION_LEVEL = "-O";
				VALIDATE_PRODUCT = YES;
			};
			name = Release;
		};
		62004D52297FE7880038FAD1 /* Debug */ = {
			isa = XCBuildConfiguration;
			buildSettings = {
				ASSETCATALOG_COMPILER_APPICON_NAME = AppIcon;
				ASSETCATALOG_COMPILER_GLOBAL_ACCENT_COLOR_NAME = AccentColor;
				CODE_SIGN_STYLE = Automatic;
				CURRENT_PROJECT_VERSION = 1;
				DEVELOPMENT_ASSET_PATHS = "\"TamagotchiApp/Preview Content\"";
				ENABLE_PREVIEWS = YES;
				GENERATE_INFOPLIST_FILE = YES;
				INFOPLIST_KEY_UIApplicationSceneManifest_Generation = YES;
				INFOPLIST_KEY_UIApplicationSupportsIndirectInputEvents = YES;
				INFOPLIST_KEY_UILaunchScreen_Generation = YES;
				INFOPLIST_KEY_UISupportedInterfaceOrientations_iPad = "UIInterfaceOrientationPortrait UIInterfaceOrientationPortraitUpsideDown UIInterfaceOrientationLandscapeLeft UIInterfaceOrientationLandscapeRight";
				INFOPLIST_KEY_UISupportedInterfaceOrientations_iPhone = "UIInterfaceOrientationPortrait UIInterfaceOrientationLandscapeLeft UIInterfaceOrientationLandscapeRight";
				LD_RUNPATH_SEARCH_PATHS = (
					"$(inherited)",
					"@executable_path/Frameworks",
				);
				MARKETING_VERSION = 1.0;
				PRODUCT_BUNDLE_IDENTIFIER = com.eton.Cw.WH.TamagotchiApp;
				PRODUCT_NAME = "$(TARGET_NAME)";
				SWIFT_EMIT_LOC_STRINGS = YES;
				SWIFT_VERSION = 5.0;
				TARGETED_DEVICE_FAMILY = "1,2";
			};
			name = Debug;
		};
		62004D53297FE7880038FAD1 /* Release */ = {
			isa = XCBuildConfiguration;
			buildSettings = {
				ASSETCATALOG_COMPILER_APPICON_NAME = AppIcon;
				ASSETCATALOG_COMPILER_GLOBAL_ACCENT_COLOR_NAME = AccentColor;
				CODE_SIGN_STYLE = Automatic;
				CURRENT_PROJECT_VERSION = 1;
				DEVELOPMENT_ASSET_PATHS = "\"TamagotchiApp/Preview Content\"";
				ENABLE_PREVIEWS = YES;
				GENERATE_INFOPLIST_FILE = YES;
				INFOPLIST_KEY_UIApplicationSceneManifest_Generation = YES;
				INFOPLIST_KEY_UIApplicationSupportsIndirectInputEvents = YES;
				INFOPLIST_KEY_UILaunchScreen_Generation = YES;
				INFOPLIST_KEY_UISupportedInterfaceOrientations_iPad = "UIInterfaceOrientationPortrait UIInterfaceOrientationPortraitUpsideDown UIInterfaceOrientationLandscapeLeft UIInterfaceOrientationLandscapeRight";
				INFOPLIST_KEY_UISupportedInterfaceOrientations_iPhone = "UIInterfaceOrientationPortrait UIInterfaceOrientationLandscapeLeft UIInterfaceOrientationLandscapeRight";
				LD_RUNPATH_SEARCH_PATHS = (
					"$(inherited)",
					"@executable_path/Frameworks",
				);
				MARKETING_VERSION = 1.0;
				PRODUCT_BUNDLE_IDENTIFIER = com.eton.Cw.WH.TamagotchiApp;
				PRODUCT_NAME = "$(TARGET_NAME)";
				SWIFT_EMIT_LOC_STRINGS = YES;
				SWIFT_VERSION = 5.0;
				TARGETED_DEVICE_FAMILY = "1,2";
			};
			name = Release;
		};
		62004D55297FE7880038FAD1 /* Debug */ = {
			isa = XCBuildConfiguration;
			buildSettings = {
				ALWAYS_EMBED_SWIFT_STANDARD_LIBRARIES = YES;
				BUNDLE_LOADER = "$(TEST_HOST)";
				CODE_SIGN_STYLE = Automatic;
				CURRENT_PROJECT_VERSION = 1;
				GENERATE_INFOPLIST_FILE = YES;
				IPHONEOS_DEPLOYMENT_TARGET = 15.2;
				MARKETING_VERSION = 1.0;
				PRODUCT_BUNDLE_IDENTIFIER = com.eton.Cw.WH.TamagotchiAppTests;
				PRODUCT_NAME = "$(TARGET_NAME)";
				SWIFT_EMIT_LOC_STRINGS = NO;
				SWIFT_VERSION = 5.0;
				TARGETED_DEVICE_FAMILY = "1,2";
				TEST_HOST = "$(BUILT_PRODUCTS_DIR)/TamagotchiApp.app/TamagotchiApp";
			};
			name = Debug;
		};
		62004D56297FE7880038FAD1 /* Release */ = {
			isa = XCBuildConfiguration;
			buildSettings = {
				ALWAYS_EMBED_SWIFT_STANDARD_LIBRARIES = YES;
				BUNDLE_LOADER = "$(TEST_HOST)";
				CODE_SIGN_STYLE = Automatic;
				CURRENT_PROJECT_VERSION = 1;
				GENERATE_INFOPLIST_FILE = YES;
				IPHONEOS_DEPLOYMENT_TARGET = 15.2;
				MARKETING_VERSION = 1.0;
				PRODUCT_BUNDLE_IDENTIFIER = com.eton.Cw.WH.TamagotchiAppTests;
				PRODUCT_NAME = "$(TARGET_NAME)";
				SWIFT_EMIT_LOC_STRINGS = NO;
				SWIFT_VERSION = 5.0;
				TARGETED_DEVICE_FAMILY = "1,2";
				TEST_HOST = "$(BUILT_PRODUCTS_DIR)/TamagotchiApp.app/TamagotchiApp";
			};
			name = Release;
		};
		62004D58297FE7880038FAD1 /* Debug */ = {
			isa = XCBuildConfiguration;
			buildSettings = {
				ALWAYS_EMBED_SWIFT_STANDARD_LIBRARIES = YES;
				CODE_SIGN_STYLE = Automatic;
				CURRENT_PROJECT_VERSION = 1;
				GENERATE_INFOPLIST_FILE = YES;
				MARKETING_VERSION = 1.0;
				PRODUCT_BUNDLE_IDENTIFIER = com.eton.Cw.WH.TamagotchiAppUITests;
				PRODUCT_NAME = "$(TARGET_NAME)";
				SWIFT_EMIT_LOC_STRINGS = NO;
				SWIFT_VERSION = 5.0;
				TARGETED_DEVICE_FAMILY = "1,2";
				TEST_TARGET_NAME = TamagotchiApp;
			};
			name = Debug;
		};
		62004D59297FE7880038FAD1 /* Release */ = {
			isa = XCBuildConfiguration;
			buildSettings = {
				ALWAYS_EMBED_SWIFT_STANDARD_LIBRARIES = YES;
				CODE_SIGN_STYLE = Automatic;
				CURRENT_PROJECT_VERSION = 1;
				GENERATE_INFOPLIST_FILE = YES;
				MARKETING_VERSION = 1.0;
				PRODUCT_BUNDLE_IDENTIFIER = com.eton.Cw.WH.TamagotchiAppUITests;
				PRODUCT_NAME = "$(TARGET_NAME)";
				SWIFT_EMIT_LOC_STRINGS = NO;
				SWIFT_VERSION = 5.0;
				TARGETED_DEVICE_FAMILY = "1,2";
				TEST_TARGET_NAME = TamagotchiApp;
			};
			name = Release;
		};
/* End XCBuildConfiguration section */

/* Begin XCConfigurationList section */
		62004D28297FE7860038FAD1 /* Build configuration list for PBXProject "TamagotchiApp" */ = {
			isa = XCConfigurationList;
			buildConfigurations = (
				62004D4F297FE7880038FAD1 /* Debug */,
				62004D50297FE7880038FAD1 /* Release */,
			);
			defaultConfigurationIsVisible = 0;
			defaultConfigurationName = Release;
		};
		62004D51297FE7880038FAD1 /* Build configuration list for PBXNativeTarget "TamagotchiApp" */ = {
			isa = XCConfigurationList;
			buildConfigurations = (
				62004D52297FE7880038FAD1 /* Debug */,
				62004D53297FE7880038FAD1 /* Release */,
			);
			defaultConfigurationIsVisible = 0;
			defaultConfigurationName = Release;
		};
		62004D54297FE7880038FAD1 /* Build configuration list for PBXNativeTarget "TamagotchiAppTests" */ = {
			isa = XCConfigurationList;
			buildConfigurations = (
				62004D55297FE7880038FAD1 /* Debug */,
				62004D56297FE7880038FAD1 /* Release */,
			);
			defaultConfigurationIsVisible = 0;
			defaultConfigurationName = Release;
		};
		62004D57297FE7880038FAD1 /* Build configuration list for PBXNativeTarget "TamagotchiAppUITests" */ = {
			isa = XCConfigurationList;
			buildConfigurations = (
				62004D58297FE7880038FAD1 /* Debug */,
				62004D59297FE7880038FAD1 /* Release */,
			);
			defaultConfigurationIsVisible = 0;
			defaultConfigurationName = Release;
		};
/* End XCConfigurationList section */
	};
	rootObject = 62004D25297FE7860038FAD1 /* Project object */;
}
